Microsoft Visual Studio Solution File, Format Version 12.00
# Visual Studio Version 17
VisualStudioVersion = 17.5.2.0
MinimumVisualStudioVersion = 10.0.40219.1
Project("{FAE04EC0-301F-11D3-BF4B-00C04F79EFBC}") = "Petly.DataAccess", "Petly.DataAccess.csproj", "{828BD783-C229-0C6C-4C89-41677EBDDFB0}"
EndProject
Global
	GlobalSection(SolutionConfigurationPlatforms) = preSolution
		Debug|Any CPU = Debug|Any CPU
		Release|Any CPU = Release|Any CPU
	EndGlobalSection
	GlobalSection(ProjectConfigurationPlatforms) = postSolution
		{828BD783-C229-0C6C-4C89-41677EBDDFB0}.Debug|Any CPU.ActiveCfg = Debug|Any CPU
		{828BD783-C229-0C6C-4C89-41677EBDDFB0}.Debug|Any CPU.Build.0 = Debug|Any CPU
		{828BD783-C229-0C6C-4C89-41677EBDDFB0}.Release|Any CPU.ActiveCfg = Release|Any CPU
		{828BD783-C229-0C6C-4C89-41677EBDDFB0}.Release|Any CPU.Build.0 = Release|Any CPU
	EndGlobalSection
	GlobalSection(SolutionProperties) = preSolution
		HideSolutionNode = FALSE
	EndGlobalSection
	GlobalSection(ExtensibilityGlobals) = postSolution
		SolutionGuid = {FFBC40CE-5C78-40F3-B904-36F6E85537B5}
	EndGlobalSection
EndGlobal
